
Microsoft Visual Studio Solution File, Format Version 12.00
# Visual Studio Version 17
VisualStudioVersion = 17.11.35327.3
MinimumVisualStudioVersion = 10.0.40219.1
Project("{9A19103F-16F7-4668-BE54-9A1E7A4F7556}") = "labproject1A", "labproject1A.csproj", "{ADFA6EA9-7D62-4709-A163-86FBA97015B6}"
EndProject
Global
	GlobalSection(SolutionConfigurationPlatforms) = preSolution
		Debug|Any CPU = Debug|Any CPU
		Release|Any CPU = Release|Any CPU
	EndGlobalSection
	GlobalSection(ProjectConfigurationPlatforms) = postSolution
		{ADFA6EA9-7D62-4709-A163-86FBA97015B6}.Debug|Any CPU.ActiveCfg = Debug|Any CPU
		{ADFA6EA9-7D62-4709-A163-86FBA97015B6}.Debug|Any CPU.Build.0 = Debug|Any CPU
		{ADFA6EA9-7D62-4709-A163-86FBA97015B6}.Release|Any CPU.ActiveCfg = Release|Any CPU
		{ADFA6EA9-7D62-4709-A163-86FBA97015B6}.Release|Any CPU.Build.0 = Release|Any CPU
	EndGlobalSection
	GlobalSection(SolutionProperties) = preSolution
		HideSolutionNode = FALSE
	EndGlobalSection
	GlobalSection(ExtensibilityGlobals) = postSolution
		SolutionGuid = {60E3C9E5-E834-466D-8C9E-84CED7CAC8B7}
	EndGlobalSection
EndGlobal
